// !$*UTF8*$!
{
	archiveVersion = 1;
	classes = {
	};
	objectVersion = 48;
	objects = {

/* Begin PBXBuildFile section */
		2750C7CF1FF3C86200E5E934 /* AppDelegate.m in Sources */ = {isa = PBXBuildFile; fileRef = 2750C7CE1FF3C86200E5E934 /* AppDelegate.m */; };
		2750C7D51FF3C86200E5E934 /* Main.storyboard in Resources */ = {isa = PBXBuildFile; fileRef = 2750C7D31FF3C86200E5E934 /* Main.storyboard */; };
		2750C7D71FF3C86200E5E934 /* Assets.xcassets in Resources */ = {isa = PBXBuildFile; fileRef = 2750C7D61FF3C86200E5E934 /* Assets.xcassets */; };
		2750C7DA1FF3C86200E5E934 /* LaunchScreen.storyboard in Resources */ = {isa = PBXBuildFile; fileRef = 2750C7D81FF3C86200E5E934 /* LaunchScreen.storyboard */; };
		2750C7DD1FF3C86200E5E934 /* main.m in Sources */ = {isa = PBXBuildFile; fileRef = 2750C7DC1FF3C86200E5E934 /* main.m */; };
		2750C7E61FF3C8D900E5E934 /* StickyCollectionViewController.m in Sources */ = {isa = PBXBuildFile; fileRef = 2750C7E51FF3C8D900E5E934 /* StickyCollectionViewController.m */; };
		2750C7E91FF3CA9700E5E934 /* StickyCollectionViewCell.m in Sources */ = {isa = PBXBuildFile; fileRef = 2750C7E81FF3CA9700E5E934 /* StickyCollectionViewCell.m */; };
		2750C7EC1FF3CD1500E5E934 /* StickyCollectionViewLayout.m in Sources */ = {isa = PBXBuildFile; fileRef = 2750C7EB1FF3CD1500E5E934 /* StickyCollectionViewLayout.m */; };
		2750C7EF1FF3F00300E5E934 /* AJPlayer.m in Sources */ = {isa = PBXBuildFile; fileRef = 2750C7EE1FF3F00300E5E934 /* AJPlayer.m */; };
		2750C7F21FF3FF5F00E5E934 /* StickyTopCollectionViewCell.m in Sources */ = {isa = PBXBuildFile; fileRef = 2750C7F11FF3FF5F00E5E934 /* StickyTopCollectionViewCell.m */; };
/* End PBXBuildFile section */

/* Begin PBXFileReference section */
		2750C7CA1FF3C86100E5E934 /* StickyCollectionView.app */ = {isa = PBXFileReference; explicitFileType = wrapper.application; includeInIndex = 0; path = StickyCollectionView.app; sourceTree = BUILT_PRODUCTS_DIR; };
		2750C7CD1FF3C86200E5E934 /* AppDelegate.h */ = {isa = PBXFileReference; lastKnownFileType = sourcecode.c.h; path = AppDelegate.h; sourceTree = "<group>"; };
		2750C7CE1FF3C86200E5E934 /* AppDelegate.m */ = {isa = PBXFileReference; lastKnownFileType = sourcecode.c.objc; path = AppDelegate.m; sourceTree = "<group>"; };
		2750C7D41FF3C86200E5E934 /* Base */ = {isa = PBXFileReference; lastKnownFileType = file.storyboard; name = Base; path = Base.lproj/Main.storyboard; sourceTree = "<group>"; };
		2750C7D61FF3C86200E5E934 /* Assets.xcassets */ = {isa = PBXFileReference; lastKnownFileType = folder.assetcatalog; path = Assets.xcassets; sourceTree = "<group>"; };
		2750C7D91FF3C86200E5E934 /* Base */ = {isa = PBXFileReference; lastKnownFileType = file.storyboard; name = Base; path = Base.lproj/LaunchScreen.storyboard; sourceTree = "<group>"; };
		2750C7DB1FF3C86200E5E934 /* Info.plist */ = {isa = PBXFileReference; lastKnownFileType = text.plist.xml; path = Info.plist; sourceTree = "<group>"; };
		2750C7DC1FF3C86200E5E934 /* main.m */ = {isa = PBXFileReference; lastKnownFileType = sourcecode.c.objc; path = main.m; sourceTree = "<group>"; };
		2750C7E41FF3C8D900E5E934 /* StickyCollectionViewController.h */ = {isa = PBXFileReference; lastKnownFileType = sourcecode.c.h; path = StickyCollectionViewController.h; sourceTree = "<group>"; };
		2750C7E51FF3C8D900E5E934 /* StickyCollectionViewController.m */ = {isa = PBXFileReference; lastKnownFileType = sourcecode.c.objc; path = StickyCollectionViewController.m; sourceTree = "<group>"; };
		2750C7E71FF3CA9700E5E934 /* StickyCollectionViewCell.h */ = {isa = PBXFileReference; lastKnownFileType = sourcecode.c.h; path = StickyCollectionViewCell.h; sourceTree = "<group>"; };
		2750C7E81FF3CA9700E5E934 /* StickyCollectionViewCell.m */ = {isa = PBXFileReference; lastKnownFileType = sourcecode.c.objc; path = StickyCollectionViewCell.m; sourceTree = "<group>"; };
		2750C7EA1FF3CD1500E5E934 /* StickyCollectionViewLayout.h */ = {isa = PBXFileReference; lastKnownFileType = sourcecode.c.h; path = StickyCollectionViewLayout.h; sourceTree = "<group>"; };
		2750C7EB1FF3CD1500E5E934 /* StickyCollectionViewLayout.m */ = {isa = PBXFileReference; lastKnownFileType = sourcecode.c.objc; path = StickyCollectionViewLayout.m; sourceTree = "<group>"; };
		2750C7ED1FF3F00300E5E934 /* AJPlayer.h */ = {isa = PBXFileReference; lastKnownFileType = sourcecode.c.h; path = AJPlayer.h; sourceTree = "<group>"; };
		2750C7EE1FF3F00300E5E934 /* AJPlayer.m */ = {isa = PBXFileReference; lastKnownFileType = sourcecode.c.objc; path = AJPlayer.m; sourceTree = "<group>"; };
		2750C7F01FF3FF5F00E5E934 /* StickyTopCollectionViewCell.h */ = {isa = PBXFileReference; lastKnownFileType = sourcecode.c.h; path = StickyTopCollectionViewCell.h; sourceTree = "<group>"; };
		2750C7F11FF3FF5F00E5E934 /* StickyTopCollectionViewCell.m */ = {isa = PBXFileReference; lastKnownFileType = sourcecode.c.objc; path = StickyTopCollectionViewCell.m; sourceTree = "<group>"; };
/* End PBXFileReference section */

/* Begin PBXFrameworksBuildPhase section */
		2750C7C71FF3C86100E5E934 /* Frameworks */ = {
			isa = PBXFrameworksBuildPhase;
			buildActionMask = 2147483647;
			files = (
			);
			runOnlyForDeploymentPostprocessing = 0;
		};
/* End PBXFrameworksBuildPhase section */

/* Begin PBXGroup section */
		2750C7C11FF3C86100E5E934 = {
			isa = PBXGroup;
			children = (
				2750C7CC1FF3C86100E5E934 /* StickyCollectionView */,
				2750C7CB1FF3C86100E5E934 /* Products */,
			);
			sourceTree = "<group>";
		};
		2750C7CB1FF3C86100E5E934 /* Products */ = {
			isa = PBXGroup;
			children = (
				2750C7CA1FF3C86100E5E934 /* StickyCollectionView.app */,
			);
			name = Products;
			sourceTree = "<group>";
		};
		2750C7CC1FF3C86100E5E934 /* StickyCollectionView */ = {
			isa = PBXGroup;
			children = (
				2750C7CD1FF3C86200E5E934 /* AppDelegate.h */,
				2750C7CE1FF3C86200E5E934 /* AppDelegate.m */,
				2750C7E41FF3C8D900E5E934 /* StickyCollectionViewController.h */,
				2750C7E51FF3C8D900E5E934 /* StickyCollectionViewController.m */,
				2750C7E71FF3CA9700E5E934 /* StickyCollectionViewCell.h */,
				2750C7E81FF3CA9700E5E934 /* StickyCollectionViewCell.m */,
				2750C7F01FF3FF5F00E5E934 /* StickyTopCollectionViewCell.h */,
				2750C7F11FF3FF5F00E5E934 /* StickyTopCollectionViewCell.m */,
				2750C7EA1FF3CD1500E5E934 /* StickyCollectionViewLayout.h */,
				2750C7EB1FF3CD1500E5E934 /* StickyCollectionViewLayout.m */,
				2750C7ED1FF3F00300E5E934 /* AJPlayer.h */,
				2750C7EE1FF3F00300E5E934 /* AJPlayer.m */,
				2750C7D31FF3C86200E5E934 /* Main.storyboard */,
				2750C7D81FF3C86200E5E934 /* LaunchScreen.storyboard */,
				2750C7DC1FF3C86200E5E934 /* main.m */,
				2750C7DB1FF3C86200E5E934 /* Info.plist */,
				2750C7D61FF3C86200E5E934 /* Assets.xcassets */,
				2750C7E31FF3C8AC00E5E934 /* Supporting files */,
			);
			path = StickyCollectionView;
			sourceTree = "<group>";
		};
		2750C7E31FF3C8AC00E5E934 /* Supporting files */ = {
			isa = PBXGroup;
			children = (
			);
			path = "Supporting files";
			sourceTree = "<group>";
		};
/* End PBXGroup section */

/* Begin PBXNativeTarget section */
		2750C7C91FF3C86100E5E934 /* StickyCollectionView */ = {
			isa = PBXNativeTarget;
			buildConfigurationList = 2750C7E01FF3C86200E5E934 /* Build configuration list for PBXNativeTarget "StickyCollectionView" */;
			buildPhases = (
				2750C7C61FF3C86100E5E934 /* Sources */,
				2750C7C71FF3C86100E5E934 /* Frameworks */,
				2750C7C81FF3C86100E5E934 /* Resources */,
			);
			buildRules = (
			);
			dependencies = (
			);
			name = StickyCollectionView;
			productName = StickyCollectionView;
			productReference = 2750C7CA1FF3C86100E5E934 /* StickyCollectionView.app */;
			productType = "com.apple.product-type.application";
		};
/* End PBXNativeTarget section */

/* Begin PBXProject section */
		2750C7C21FF3C86100E5E934 /* Project object */ = {
			isa = PBXProject;
			attributes = {
				LastUpgradeCheck = 0920;
				ORGANIZATIONNAME = "Anca Julean";
				TargetAttributes = {
					2750C7C91FF3C86100E5E934 = {
						CreatedOnToolsVersion = 9.2;
						ProvisioningStyle = Automatic;
					};
				};
			};
			buildConfigurationList = 2750C7C51FF3C86100E5E934 /* Build configuration list for PBXProject "StickyCollectionView" */;
			compatibilityVersion = "Xcode 8.0";
			developmentRegion = en;
			hasScannedForEncodings = 0;
			knownRegions = (
				en,
				Base,
			);
			mainGroup = 2750C7C11FF3C86100E5E934;
			productRefGroup = 2750C7CB1FF3C86100E5E934 /* Products */;
			projectDirPath = "";
			projectRoot = "";
			targets = (
				2750C7C91FF3C86100E5E934 /* StickyCollectionView */,
			);
		};
/* End PBXProject section */

/* Begin PBXResourcesBuildPhase section */
		2750C7C81FF3C86100E5E934 /* Resources */ = {
			isa = PBXResourcesBuildPhase;
			buildActionMask = 2147483647;
			files = (
				2750C7DA1FF3C86200E5E934 /* LaunchScreen.storyboard in Resources */,
				2750C7D71FF3C86200E5E934 /* Assets.xcassets in Resources */,
				2750C7D51FF3C86200E5E934 /* Main.storyboard in Resources */,
			);
			runOnlyForDeploymentPostprocessing = 0;
		};
/* End PBXResourcesBuildPhase section */

/* Begin PBXSourcesBuildPhase section */
		2750C7C61FF3C86100E5E934 /* Sources */ = {
			isa = PBXSourcesBuildPhase;
			buildActionMask = 2147483647;
			files = (
				2750C7F21FF3FF5F00E5E934 /* StickyTopCollectionViewCell.m in Sources */,
				2750C7EC1FF3CD1500E5E934 /* StickyCollectionViewLayout.m in Sources */,
				2750C7E61FF3C8D900E5E934 /* StickyCollectionViewController.m in Sources */,
				2750C7DD1FF3C86200E5E934 /* main.m in Sources */,
				2750C7CF1FF3C86200E5E934 /* AppDelegate.m in Sources */,
				2750C7E91FF3CA9700E5E934 /* StickyCollectionViewCell.m in Sources */,
				2750C7EF1FF3F00300E5E934 /* AJPlayer.m in Sources */,
			);
			runOnlyForDeploymentPostprocessing = 0;
		};
/* End PBXSourcesBuildPhase section */

/* Begin PBXVariantGroup section */
		2750C7D31FF3C86200E5E934 /* Main.storyboard */ = {
			isa = PBXVariantGroup;
			children = (
				2750C7D41FF3C86200E5E934 /* Base */,
			);
			name = Main.storyboard;
			sourceTree = "<group>";
		};
		2750C7D81FF3C86200E5E934 /* LaunchScreen.storyboard */ = {
			isa = PBXVariantGroup;
			children = (
				2750C7D91FF3C86200E5E934 /* Base */,
			);
			name = LaunchScreen.storyboard;
			sourceTree = "<group>";
		};
/* End PBXVariantGroup section */

/* Begin XCBuildConfiguration section */
		2750C7DE1FF3C86200E5E934 /* Debug */ = {
			isa = XCBuildConfiguration;
			buildSettings = {
				ALWAYS_SEARCH_USER_PATHS = NO;
				CLANG_ANALYZER_NONNULL = YES;
				CLANG_ANALYZER_NUMBER_OBJECT_CONVERSION = YES_AGGRESSIVE;
				CLANG_CXX_LANGUAGE_STANDARD = "gnu++14";
				CLANG_CXX_LIBRARY = "libc++";
				CLANG_ENABLE_MODULES = YES;
				CLANG_ENABLE_OBJC_ARC = YES;
				CLANG_WARN_BLOCK_CAPTURE_AUTORELEASING = YES;
				CLANG_WARN_BOOL_CONVERSION = YES;
				CLANG_WARN_COMMA = YES;
				CLANG_WARN_CONSTANT_CONVERSION = YES;
				CLANG_WARN_DIRECT_OBJC_ISA_USAGE = YES_ERROR;
				CLANG_WARN_DOCUMENTATION_COMMENTS = YES;
				CLANG_WARN_EMPTY_BODY = YES;
				CLANG_WARN_ENUM_CONVERSION = YES;
				CLANG_WARN_INFINITE_RECURSION = YES;
				CLANG_WARN_INT_CONVERSION = YES;
				CLANG_WARN_NON_LITERAL_NULL_CONVERSION = YES;
				CLANG_WARN_OBJC_LITERAL_CONVERSION = YES;
				CLANG_WARN_OBJC_ROOT_CLASS = YES_ERROR;
				CLANG_WARN_RANGE_LOOP_ANALYSIS = YES;
				CLANG_WARN_STRICT_PROTOTYPES = YES;
				CLANG_WARN_SUSPICIOUS_MOVE = YES;
				CLANG_WARN_UNGUARDED_AVAILABILITY = YES_AGGRESSIVE;
				CLANG_WARN_UNREACHABLE_CODE = YES;
				CLANG_WARN__DUPLICATE_METHOD_MATCH = YES;
				CODE_SIGN_IDENTITY = "iPhone Developer";
				COPY_PHASE_STRIP = NO;
				DEBUG_INFORMATION_FORMAT = dwarf;
				ENABLE_STRICT_OBJC_MSGSEND = YES;
				ENABLE_TESTABILITY = YES;
				GCC_C_LANGUAGE_STANDARD = gnu11;
				GCC_DYNAMIC_NO_PIC = NO;
				GCC_NO_COMMON_BLOCKS = YES;
				GCC_OPTIMIZATION_LEVEL = 0;
				GCC_PREPROCESSOR_DEFINITIONS = (
					"DEBUG=1",
					"$(inherited)",
				);
				GCC_WARN_64_TO_32_BIT_CONVERSION = YES;
				GCC_WARN_ABOUT_RETURN_TYPE = YES_ERROR;
				GCC_WARN_UNDECLARED_SELECTOR = YES;
				GCC_WARN_UNINITIALIZED_AUTOS = YES_AGGRESSIVE;
				GCC_WARN_UNUSED_FUNCTION = YES;
				GCC_WARN_UNUSED_VARIABLE = YES;
				IPHONEOS_DEPLOYMENT_TARGET = 11.2;
				MTL_ENABLE_DEBUG_INFO = YES;
				ONLY_ACTIVE_ARCH = YES;
				SDKROOT = iphoneos;
			};
			name = Debug;
		};
		2750C7DF1FF3C86200E5E934 /* Release */ = {
			isa = XCBuildConfiguration;
			buildSettings = {
				ALWAYS_SEARCH_USER_PATHS = NO;
				CLANG_ANALYZER_NONNULL = YES;
				CLANG_ANALYZER_NUMBER_OBJECT_CONVERSION = YES_AGGRESSIVE;
				CLANG_CXX_LANGUAGE_STANDARD = "gnu++14";
				CLANG_CXX_LIBRARY = "libc++";
				CLANG_ENABLE_MODULES = YES;
				CLANG_ENABLE_OBJC_ARC = YES;
				CLANG_WARN_BLOCK_CAPTURE_AUTORELEASING = YES;
				CLANG_WARN_BOOL_CONVERSION = YES;
				CLANG_WARN_COMMA = YES;
				CLANG_WARN_CONSTANT_CONVERSION = YES;
				CLANG_WARN_DIRECT_OBJC_ISA_USAGE = YES_ERROR;
				CLANG_WARN_DOCUMENTATION_COMMENTS = YES;
				CLANG_WARN_EMPTY_BODY = YES;
				CLANG_WARN_ENUM_CONVERSION = YES;
				CLANG_WARN_INFINITE_RECURSION = YES;
				CLANG_WARN_INT_CONVERSION = YES;
				CLANG_WARN_NON_LITERAL_NULL_CONVERSION = YES;
				CLANG_WARN_OBJC_LITERAL_CONVERSION = YES;
				CLANG_WARN_OBJC_ROOT_CLASS = YES_ERROR;
				CLANG_WARN_RANGE_LOOP_ANALYSIS = YES;
				CLANG_WARN_STRICT_PROTOTYPES = YES;
				CLANG_WARN_SUSPICIOUS_MOVE = YES;
				CLANG_WARN_UNGUARDED_AVAILABILITY = YES_AGGRESSIVE;
				CLANG_WARN_UNREACHABLE_CODE = YES;
				CLANG_WARN__DUPLICATE_METHOD_MATCH = YES;
				CODE_SIGN_IDENTITY = "iPhone Developer";
				COPY_PHASE_STRIP = NO;
				DEBUG_INFORMATION_FORMAT = "dwarf-with-dsym";
				ENABLE_NS_ASSERTIONS = NO;
				ENABLE_STRICT_OBJC_MSGSEND = YES;
				GCC_C_LANGUAGE_STANDARD = gnu11;
				GCC_NO_COMMON_BLOCKS = YES;
				GCC_WARN_64_TO_32_BIT_CONVERSION = YES;
				GCC_WARN_ABOUT_RETURN_TYPE = YES_ERROR;
				GCC_WARN_UNDECLARED_SELECTOR = YES;
				GCC_WARN_UNINITIALIZED_AUTOS = YES_AGGRESSIVE;
				GCC_WARN_UNUSED_FUNCTION = YES;
				GCC_WARN_UNUSED_VARIABLE = YES;
				IPHONEOS_DEPLOYMENT_TARGET = 11.2;
				MTL_ENABLE_DEBUG_INFO = NO;
				SDKROOT = iphoneos;
				VALIDATE_PRODUCT = YES;
			};
			name = Release;
		};
		2750C7E11FF3C86200E5E934 /* Debug */ = {
			isa = XCBuildConfiguration;
			buildSettings = {
				ASSETCATALOG_COMPILER_APPICON_NAME = AppIcon;
				CODE_SIGN_STYLE = Automatic;
				INFOPLIST_FILE = StickyCollectionView/Info.plist;
				IPHONEOS_DEPLOYMENT_TARGET = 9.0;
				LD_RUNPATH_SEARCH_PATHS = "$(inherited) @executable_path/Frameworks";
				PRODUCT_BUNDLE_IDENTIFIER = com.me.StickyCollectionView;
				PRODUCT_NAME = "$(TARGET_NAME)";
				TARGETED_DEVICE_FAMILY = "1,2";
			};
			name = Debug;
		};
		2750C7E21FF3C86200E5E934 /* Release */ = {
			isa = XCBuildConfiguration;
			buildSettings = {
				ASSETCATALOG_COMPILER_APPICON_NAME = AppIcon;
				CODE_SIGN_STYLE = Automatic;
				INFOPLIST_FILE = StickyCollectionView/Info.plist;
				IPHONEOS_DEPLOYMENT_TARGET = 9.0;
				LD_RUNPATH_SEARCH_PATHS = "$(inherited) @executable_path/Frameworks";
				PRODUCT_BUNDLE_IDENTIFIER = com.me.StickyCollectionView;
				PRODUCT_NAME = "$(TARGET_NAME)";
				TARGETED_DEVICE_FAMILY = "1,2";
			};
			name = Release;
		};
/* End XCBuildConfiguration section */

/* Begin XCConfigurationList section */
		2750C7C51FF3C86100E5E934 /* Build configuration list for PBXProject "StickyCollectionView" */ = {
			isa = XCConfigurationList;
			buildConfigurations = (
				2750C7DE1FF3C86200E5E934 /* Debug */,
				2750C7DF1FF3C86200E5E934 /* Release */,
			);
			defaultConfigurationIsVisible = 0;
			defaultConfigurationName = Release;
		};
		2750C7E01FF3C86200E5E934 /* Build configuration list for PBXNativeTarget "StickyCollectionView" */ = {
			isa = XCConfigurationList;
			buildConfigurations = (
				2750C7E11FF3C86200E5E934 /* Debug */,
				2750C7E21FF3C86200E5E934 /* Release */,
			);
			defaultConfigurationIsVisible = 0;
			defaultConfigurationName = Release;
		};
/* End XCConfigurationList section */
	};
	rootObject = 2750C7C21FF3C86100E5E934 /* Project object */;
}
